// !$*UTF8*$!
{
	archiveVersion = 1;
	classes = {
	};
	objectVersion = 46;
	objects = {

/* Begin PBXBuildFile section */
		BF5AC7081CEC495000FE3A85 /* TTTweets.m in Sources */ = {isa = PBXBuildFile; fileRef = BF5AC7071CEC495000FE3A85 /* TTTweets.m */; };
		BF7A30921CEBA4C000782504 /* main.m in Sources */ = {isa = PBXBuildFile; fileRef = BF7A30911CEBA4C000782504 /* main.m */; };
		BF7A30951CEBA4C000782504 /* AppDelegate.m in Sources */ = {isa = PBXBuildFile; fileRef = BF7A30941CEBA4C000782504 /* AppDelegate.m */; };
		BF7A309B1CEBA4C000782504 /* Main.storyboard in Resources */ = {isa = PBXBuildFile; fileRef = BF7A30991CEBA4C000782504 /* Main.storyboard */; };
		BF7A309D1CEBA4C000782504 /* Assets.xcassets in Resources */ = {isa = PBXBuildFile; fileRef = BF7A309C1CEBA4C000782504 /* Assets.xcassets */; };
		BF7A30A01CEBA4C000782504 /* LaunchScreen.storyboard in Resources */ = {isa = PBXBuildFile; fileRef = BF7A309E1CEBA4C000782504 /* LaunchScreen.storyboard */; };
		BF7A30B01CEBBD7F00782504 /* TTTwitterAPIManager.m in Sources */ = {isa = PBXBuildFile; fileRef = BF7A30AF1CEBBD7F00782504 /* TTTwitterAPIManager.m */; };
		BF7A30B81CEBEBEB00782504 /* TTHomeTableViewController.m in Sources */ = {isa = PBXBuildFile; fileRef = BF7A30B71CEBEBEB00782504 /* TTHomeTableViewController.m */; };
		F74932A280C3FAE26B008025 /* libPods-TweetTweet.a in Frameworks */ = {isa = PBXBuildFile; fileRef = 4DAC6311D82B9DB23B0A2556 /* libPods-TweetTweet.a */; };
/* End PBXBuildFile section */

/* Begin PBXFileReference section */
		4DAC6311D82B9DB23B0A2556 /* libPods-TweetTweet.a */ = {isa = PBXFileReference; explicitFileType = archive.ar; includeInIndex = 0; path = "libPods-TweetTweet.a"; sourceTree = BUILT_PRODUCTS_DIR; };
		7EB40E9BFD616E264EACD125 /* Pods-TweetTweet.debug.xcconfig */ = {isa = PBXFileReference; includeInIndex = 1; lastKnownFileType = text.xcconfig; name = "Pods-TweetTweet.debug.xcconfig"; path = "Pods/Target Support Files/Pods-TweetTweet/Pods-TweetTweet.debug.xcconfig"; sourceTree = "<group>"; };
		B202EE2DF4E7C315F03D4D30 /* Pods-TweetTweet.release.xcconfig */ = {isa = PBXFileReference; includeInIndex = 1; lastKnownFileType = text.xcconfig; name = "Pods-TweetTweet.release.xcconfig"; path = "Pods/Target Support Files/Pods-TweetTweet/Pods-TweetTweet.release.xcconfig"; sourceTree = "<group>"; };
		BF5AC7061CEC495000FE3A85 /* TTTweets.h */ = {isa = PBXFileReference; fileEncoding = 4; lastKnownFileType = sourcecode.c.h; path = TTTweets.h; sourceTree = "<group>"; };
		BF5AC7071CEC495000FE3A85 /* TTTweets.m */ = {isa = PBXFileReference; fileEncoding = 4; lastKnownFileType = sourcecode.c.objc; path = TTTweets.m; sourceTree = "<group>"; };
		BF7A308D1CEBA4BF00782504 /* TweetTweet.app */ = {isa = PBXFileReference; explicitFileType = wrapper.application; includeInIndex = 0; path = TweetTweet.app; sourceTree = BUILT_PRODUCTS_DIR; };
		BF7A30911CEBA4C000782504 /* main.m */ = {isa = PBXFileReference; lastKnownFileType = sourcecode.c.objc; path = main.m; sourceTree = "<group>"; };
		BF7A30931CEBA4C000782504 /* AppDelegate.h */ = {isa = PBXFileReference; lastKnownFileType = sourcecode.c.h; path = AppDelegate.h; sourceTree = "<group>"; };
		BF7A30941CEBA4C000782504 /* AppDelegate.m */ = {isa = PBXFileReference; lastKnownFileType = sourcecode.c.objc; path = AppDelegate.m; sourceTree = "<group>"; };
		BF7A309A1CEBA4C000782504 /* Base */ = {isa = PBXFileReference; lastKnownFileType = file.storyboard; name = Base; path = Base.lproj/Main.storyboard; sourceTree = "<group>"; };
		BF7A309C1CEBA4C000782504 /* Assets.xcassets */ = {isa = PBXFileReference; lastKnownFileType = folder.assetcatalog; path = Assets.xcassets; sourceTree = "<group>"; };
		BF7A309F1CEBA4C000782504 /* Base */ = {isa = PBXFileReference; lastKnownFileType = file.storyboard; name = Base; path = Base.lproj/LaunchScreen.storyboard; sourceTree = "<group>"; };
		BF7A30A11CEBA4C000782504 /* Info.plist */ = {isa = PBXFileReference; lastKnownFileType = text.plist.xml; path = Info.plist; sourceTree = "<group>"; };
		BF7A30AE1CEBBD7F00782504 /* TTTwitterAPIManager.h */ = {isa = PBXFileReference; fileEncoding = 4; lastKnownFileType = sourcecode.c.h; path = TTTwitterAPIManager.h; sourceTree = "<group>"; };
		BF7A30AF1CEBBD7F00782504 /* TTTwitterAPIManager.m */ = {isa = PBXFileReference; fileEncoding = 4; lastKnownFileType = sourcecode.c.objc; path = TTTwitterAPIManager.m; sourceTree = "<group>"; };
		BF7A30B61CEBEBEB00782504 /* TTHomeTableViewController.h */ = {isa = PBXFileReference; fileEncoding = 4; lastKnownFileType = sourcecode.c.h; path = TTHomeTableViewController.h; sourceTree = "<group>"; };
		BF7A30B71CEBEBEB00782504 /* TTHomeTableViewController.m */ = {isa = PBXFileReference; fileEncoding = 4; lastKnownFileType = sourcecode.c.objc; path = TTHomeTableViewController.m; sourceTree = "<group>"; };
/* End PBXFileReference section */

/* Begin PBXFrameworksBuildPhase section */
		BF7A308A1CEBA4BF00782504 /* Frameworks */ = {
			isa = PBXFrameworksBuildPhase;
			buildActionMask = 2147483647;
			files = (
				F74932A280C3FAE26B008025 /* libPods-TweetTweet.a in Frameworks */,
			);
			runOnlyForDeploymentPostprocessing = 0;
		};
/* End PBXFrameworksBuildPhase section */

/* Begin PBXGroup section */
		3EB114CEA31252E59E384F05 /* Frameworks */ = {
			isa = PBXGroup;
			children = (
				4DAC6311D82B9DB23B0A2556 /* libPods-TweetTweet.a */,
			);
			name = Frameworks;
			sourceTree = "<group>";
		};
		63BA79E5BB7FAC563D32B42F /* Pods */ = {
			isa = PBXGroup;
			children = (
				7EB40E9BFD616E264EACD125 /* Pods-TweetTweet.debug.xcconfig */,
				B202EE2DF4E7C315F03D4D30 /* Pods-TweetTweet.release.xcconfig */,
			);
			name = Pods;
			sourceTree = "<group>";
		};
		BF7A30841CEBA4BF00782504 = {
			isa = PBXGroup;
			children = (
				BF7A308F1CEBA4BF00782504 /* TweetTweet */,
				BF7A308E1CEBA4BF00782504 /* Products */,
				63BA79E5BB7FAC563D32B42F /* Pods */,
				3EB114CEA31252E59E384F05 /* Frameworks */,
			);
			sourceTree = "<group>";
		};
		BF7A308E1CEBA4BF00782504 /* Products */ = {
			isa = PBXGroup;
			children = (
				BF7A308D1CEBA4BF00782504 /* TweetTweet.app */,
			);
			name = Products;
			sourceTree = "<group>";
		};
		BF7A308F1CEBA4BF00782504 /* TweetTweet */ = {
			isa = PBXGroup;
			children = (
				BF7A30931CEBA4C000782504 /* AppDelegate.h */,
				BF7A30941CEBA4C000782504 /* AppDelegate.m */,
				BF7A30B21CEBC15E00782504 /* Model */,
				BF7A30B11CEBC0C100782504 /* Controller */,
				BF7A30991CEBA4C000782504 /* Main.storyboard */,
				BF7A309C1CEBA4C000782504 /* Assets.xcassets */,
				BF7A309E1CEBA4C000782504 /* LaunchScreen.storyboard */,
				BF7A30A11CEBA4C000782504 /* Info.plist */,
				BF7A30901CEBA4BF00782504 /* Supporting Files */,
			);
			path = TweetTweet;
			sourceTree = "<group>";
		};
		BF7A30901CEBA4BF00782504 /* Supporting Files */ = {
			isa = PBXGroup;
			children = (
				BF7A30911CEBA4C000782504 /* main.m */,
			);
			name = "Supporting Files";
			sourceTree = "<group>";
		};
		BF7A30B11CEBC0C100782504 /* Controller */ = {
			isa = PBXGroup;
			children = (
				BF7A30B61CEBEBEB00782504 /* TTHomeTableViewController.h */,
				BF7A30B71CEBEBEB00782504 /* TTHomeTableViewController.m */,
			);
			name = Controller;
			sourceTree = "<group>";
		};
		BF7A30B21CEBC15E00782504 /* Model */ = {
			isa = PBXGroup;
			children = (
				BF5AC7061CEC495000FE3A85 /* TTTweets.h */,
				BF5AC7071CEC495000FE3A85 /* TTTweets.m */,
				BF7A30AE1CEBBD7F00782504 /* TTTwitterAPIManager.h */,
				BF7A30AF1CEBBD7F00782504 /* TTTwitterAPIManager.m */,
			);
			name = Model;
			sourceTree = "<group>";
		};
/* End PBXGroup section */

/* Begin PBXNativeTarget section */
		BF7A308C1CEBA4BF00782504 /* TweetTweet */ = {
			isa = PBXNativeTarget;
			buildConfigurationList = BF7A30A41CEBA4C000782504 /* Build configuration list for PBXNativeTarget "TweetTweet" */;
			buildPhases = (
				5B14453B57EADD7668F741A4 /* 📦 Check Pods Manifest.lock */,
				BF7A30891CEBA4BF00782504 /* Sources */,
				BF7A308A1CEBA4BF00782504 /* Frameworks */,
				BF7A308B1CEBA4BF00782504 /* Resources */,
				DD2985C374EA6F6DE4B36060 /* 📦 Embed Pods Frameworks */,
				91FB714CB1CCFC1DEB3E879C /* 📦 Copy Pods Resources */,
			);
			buildRules = (
			);
			dependencies = (
			);
			name = TweetTweet;
			productName = TweetTweet;
			productReference = BF7A308D1CEBA4BF00782504 /* TweetTweet.app */;
			productType = "com.apple.product-type.application";
		};
/* End PBXNativeTarget section */

/* Begin PBXProject section */
		BF7A30851CEBA4BF00782504 /* Project object */ = {
			isa = PBXProject;
			attributes = {
				LastUpgradeCheck = 0730;
				ORGANIZATIONNAME = "Charles Kang";
				TargetAttributes = {
					BF7A308C1CEBA4BF00782504 = {
						CreatedOnToolsVersion = 7.3.1;
					};
				};
			};
			buildConfigurationList = BF7A30881CEBA4BF00782504 /* Build configuration list for PBXProject "TweetTweet" */;
			compatibilityVersion = "Xcode 3.2";
			developmentRegion = English;
			hasScannedForEncodings = 0;
			knownRegions = (
				en,
				Base,
			);
			mainGroup = BF7A30841CEBA4BF00782504;
			productRefGroup = BF7A308E1CEBA4BF00782504 /* Products */;
			projectDirPath = "";
			projectRoot = "";
			targets = (
				BF7A308C1CEBA4BF00782504 /* TweetTweet */,
			);
		};
/* End PBXProject section */

/* Begin PBXResourcesBuildPhase section */
		BF7A308B1CEBA4BF00782504 /* Resources */ = {
			isa = PBXResourcesBuildPhase;
			buildActionMask = 2147483647;
			files = (
				BF7A30A01CEBA4C000782504 /* LaunchScreen.storyboard in Resources */,
				BF7A309D1CEBA4C000782504 /* Assets.xcassets in Resources */,
				BF7A309B1CEBA4C000782504 /* Main.storyboard in Resources */,
			);
			runOnlyForDeploymentPostprocessing = 0;
		};
/* End PBXResourcesBuildPhase section */

/* Begin PBXShellScriptBuildPhase section */
		5B14453B57EADD7668F741A4 /* 📦 Check Pods Manifest.lock */ = {
			isa = PBXShellScriptBuildPhase;
			buildActionMask = 2147483647;
			files = (
			);
			inputPaths = (
			);
			name = "📦 Check Pods Manifest.lock";
			outputPaths = (
			);
			runOnlyForDeploymentPostprocessing = 0;
			shellPath = /bin/sh;
			shellScript = "diff \"${PODS_ROOT}/../Podfile.lock\" \"${PODS_ROOT}/Manifest.lock\" > /dev/null\nif [[ $? != 0 ]] ; then\n    cat << EOM\nerror: The sandbox is not in sync with the Podfile.lock. Run 'pod install' or update your CocoaPods installation.\nEOM\n    exit 1\nfi\n";
			showEnvVarsInLog = 0;
		};
		91FB714CB1CCFC1DEB3E879C /* 📦 Copy Pods Resources */ = {
			isa = PBXShellScriptBuildPhase;
			buildActionMask = 2147483647;
			files = (
			);
			inputPaths = (
			);
			name = "📦 Copy Pods Resources";
			outputPaths = (
			);
			runOnlyForDeploymentPostprocessing = 0;
			shellPath = /bin/sh;
			shellScript = "\"${SRCROOT}/Pods/Target Support Files/Pods-TweetTweet/Pods-TweetTweet-resources.sh\"\n";
			showEnvVarsInLog = 0;
		};
		DD2985C374EA6F6DE4B36060 /* 📦 Embed Pods Frameworks */ = {
			isa = PBXShellScriptBuildPhase;
			buildActionMask = 2147483647;
			files = (
			);
			inputPaths = (
			);
			name = "📦 Embed Pods Frameworks";
			outputPaths = (
			);
			runOnlyForDeploymentPostprocessing = 0;
			shellPath = /bin/sh;
			shellScript = "\"${SRCROOT}/Pods/Target Support Files/Pods-TweetTweet/Pods-TweetTweet-frameworks.sh\"\n";
			showEnvVarsInLog = 0;
		};
/* End PBXShellScriptBuildPhase section */

/* Begin PBXSourcesBuildPhase section */
		BF7A30891CEBA4BF00782504 /* Sources */ = {
			isa = PBXSourcesBuildPhase;
			buildActionMask = 2147483647;
			files = (
				BF7A30951CEBA4C000782504 /* AppDelegate.m in Sources */,
				BF7A30B01CEBBD7F00782504 /* TTTwitterAPIManager.m in Sources */,
				BF5AC7081CEC495000FE3A85 /* TTTweets.m in Sources */,
				BF7A30B81CEBEBEB00782504 /* TTHomeTableViewController.m in Sources */,
				BF7A30921CEBA4C000782504 /* main.m in Sources */,
			);
			runOnlyForDeploymentPostprocessing = 0;
		};
/* End PBXSourcesBuildPhase section */

/* Begin PBXVariantGroup section */
		BF7A30991CEBA4C000782504 /* Main.storyboard */ = {
			isa = PBXVariantGroup;
			children = (
				BF7A309A1CEBA4C000782504 /* Base */,
			);
			name = Main.storyboard;
			sourceTree = "<group>";
		};
		BF7A309E1CEBA4C000782504 /* LaunchScreen.storyboard */ = {
			isa = PBXVariantGroup;
			children = (
				BF7A309F1CEBA4C000782504 /* Base */,
			);
			name = LaunchScreen.storyboard;
			sourceTree = "<group>";
		};
/* End PBXVariantGroup section */

/* Begin XCBuildConfiguration section */
		BF7A30A21CEBA4C000782504 /* Debug */ = {
			isa = XCBuildConfiguration;
			buildSettings = {
				ALWAYS_SEARCH_USER_PATHS = NO;
				CLANG_ANALYZER_NONNULL = YES;
				CLANG_CXX_LANGUAGE_STANDARD = "gnu++0x";
				CLANG_CXX_LIBRARY = "libc++";
				CLANG_ENABLE_MODULES = YES;
				CLANG_ENABLE_OBJC_ARC = YES;
				CLANG_WARN_BOOL_CONVERSION = YES;
				CLANG_WARN_CONSTANT_CONVERSION = YES;
				CLANG_WARN_DIRECT_OBJC_ISA_USAGE = YES_ERROR;
				CLANG_WARN_EMPTY_BODY = YES;
				CLANG_WARN_ENUM_CONVERSION = YES;
				CLANG_WARN_INT_CONVERSION = YES;
				CLANG_WARN_OBJC_ROOT_CLASS = YES_ERROR;
				CLANG_WARN_UNREACHABLE_CODE = YES;
				CLANG_WARN__DUPLICATE_METHOD_MATCH = YES;
				"CODE_SIGN_IDENTITY[sdk=iphoneos*]" = "iPhone Developer";
				COPY_PHASE_STRIP = NO;
				DEBUG_INFORMATION_FORMAT = dwarf;
				ENABLE_STRICT_OBJC_MSGSEND = YES;
				ENABLE_TESTABILITY = YES;
				GCC_C_LANGUAGE_STANDARD = gnu99;
				GCC_DYNAMIC_NO_PIC = NO;
				GCC_NO_COMMON_BLOCKS = YES;
				GCC_OPTIMIZATION_LEVEL = 0;
				GCC_PREPROCESSOR_DEFINITIONS = (
					"DEBUG=1",
					"$(inherited)",
				);
				GCC_WARN_64_TO_32_BIT_CONVERSION = YES;
				GCC_WARN_ABOUT_RETURN_TYPE = YES_ERROR;
				GCC_WARN_UNDECLARED_SELECTOR = YES;
				GCC_WARN_UNINITIALIZED_AUTOS = YES_AGGRESSIVE;
				GCC_WARN_UNUSED_FUNCTION = YES;
				GCC_WARN_UNUSED_VARIABLE = YES;
				IPHONEOS_DEPLOYMENT_TARGET = 9.3;
				MTL_ENABLE_DEBUG_INFO = YES;
				ONLY_ACTIVE_ARCH = YES;
				SDKROOT = iphoneos;
			};
			name = Debug;
		};
		BF7A30A31CEBA4C000782504 /* Release */ = {
			isa = XCBuildConfiguration;
			buildSettings = {
				ALWAYS_SEARCH_USER_PATHS = NO;
				CLANG_ANALYZER_NONNULL = YES;
				CLANG_CXX_LANGUAGE_STANDARD = "gnu++0x";
				CLANG_CXX_LIBRARY = "libc++";
				CLANG_ENABLE_MODULES = YES;
				CLANG_ENABLE_OBJC_ARC = YES;
				CLANG_WARN_BOOL_CONVERSION = YES;
				CLANG_WARN_CONSTANT_CONVERSION = YES;
				CLANG_WARN_DIRECT_OBJC_ISA_USAGE = YES_ERROR;
				CLANG_WARN_EMPTY_BODY = YES;
				CLANG_WARN_ENUM_CONVERSION = YES;
				CLANG_WARN_INT_CONVERSION = YES;
				CLANG_WARN_OBJC_ROOT_CLASS = YES_ERROR;
				CLANG_WARN_UNREACHABLE_CODE = YES;
				CLANG_WARN__DUPLICATE_METHOD_MATCH = YES;
				"CODE_SIGN_IDENTITY[sdk=iphoneos*]" = "iPhone Developer";
				COPY_PHASE_STRIP = NO;
				DEBUG_INFORMATION_FORMAT = "dwarf-with-dsym";
				ENABLE_NS_ASSERTIONS = NO;
				ENABLE_STRICT_OBJC_MSGSEND = YES;
				GCC_C_LANGUAGE_STANDARD = gnu99;
				GCC_NO_COMMON_BLOCKS = YES;
				GCC_WARN_64_TO_32_BIT_CONVERSION = YES;
				GCC_WARN_ABOUT_RETURN_TYPE = YES_ERROR;
				GCC_WARN_UNDECLARED_SELECTOR = YES;
				GCC_WARN_UNINITIALIZED_AUTOS = YES_AGGRESSIVE;
				GCC_WARN_UNUSED_FUNCTION = YES;
				GCC_WARN_UNUSED_VARIABLE = YES;
				IPHONEOS_DEPLOYMENT_TARGET = 9.3;
				MTL_ENABLE_DEBUG_INFO = NO;
				SDKROOT = iphoneos;
				VALIDATE_PRODUCT = YES;
			};
			name = Release;
		};
		BF7A30A51CEBA4C000782504 /* Debug */ = {
			isa = XCBuildConfiguration;
			baseConfigurationReference = 7EB40E9BFD616E264EACD125 /* Pods-TweetTweet.debug.xcconfig */;
			buildSettings = {
				ASSETCATALOG_COMPILER_APPICON_NAME = AppIcon;
				CODE_SIGN_IDENTITY = "iPhone Developer";
				INFOPLIST_FILE = TweetTweet/Info.plist;
				LD_RUNPATH_SEARCH_PATHS = "$(inherited) @executable_path/Frameworks";
				PRODUCT_BUNDLE_IDENTIFIER = com.charleshkang.TweetTweet;
				PRODUCT_NAME = "$(TARGET_NAME)";
			};
			name = Debug;
		};
		BF7A30A61CEBA4C000782504 /* Release */ = {
			isa = XCBuildConfiguration;
			baseConfigurationReference = B202EE2DF4E7C315F03D4D30 /* Pods-TweetTweet.release.xcconfig */;
			buildSettings = {
				ASSETCATALOG_COMPILER_APPICON_NAME = AppIcon;
				CODE_SIGN_IDENTITY = "iPhone Developer";
				INFOPLIST_FILE = TweetTweet/Info.plist;
				LD_RUNPATH_SEARCH_PATHS = "$(inherited) @executable_path/Frameworks";
				PRODUCT_BUNDLE_IDENTIFIER = com.charleshkang.TweetTweet;
				PRODUCT_NAME = "$(TARGET_NAME)";
			};
			name = Release;
		};
/* End XCBuildConfiguration section */

/* Begin XCConfigurationList section */
		BF7A30881CEBA4BF00782504 /* Build configuration list for PBXProject "TweetTweet" */ = {
			isa = XCConfigurationList;
			buildConfigurations = (
				BF7A30A21CEBA4C000782504 /* Debug */,
				BF7A30A31CEBA4C000782504 /* Release */,
			);
			defaultConfigurationIsVisible = 0;
			defaultConfigurationName = Release;
		};
		BF7A30A41CEBA4C000782504 /* Build configuration list for PBXNativeTarget "TweetTweet" */ = {
			isa = XCConfigurationList;
			buildConfigurations = (
				BF7A30A51CEBA4C000782504 /* Debug */,
				BF7A30A61CEBA4C000782504 /* Release */,
			);
			defaultConfigurationIsVisible = 0;
			defaultConfigurationName = Release;
		};
/* End XCConfigurationList section */
	};
	rootObject = BF7A30851CEBA4BF00782504 /* Project object */;
}
